// !$*UTF8*$!
{
	archiveVersion = 1;
	classes = {
	};
	objectVersion = 77;
	objects = {

/* Begin PBXBuildFile section */
		11DBD88766C7B04F7043163A /* GoogleMobileAds in Frameworks */ = {isa = PBXBuildFile; productRef = B5D95B9F9BAE30DAB1CCE567 /* GoogleMobileAds */; };
		40A8BB5928209B4CEA90BC87 /* RevenueCat in Frameworks */ = {isa = PBXBuildFile; productRef = 1EAE9D3FAD6DD46FD6FBB734 /* RevenueCat */; };
		44309B0B2FE7FDD500304289 /* RouteE85Planner.swift in Sources */ = {isa = PBXBuildFile; fileRef = 44309B0A2FE7FDD500304289 /* RouteE85Planner.swift */; };
		44309B0D2FE8E4BE00304289 /* SavedTripStore.swift in Sources */ = {isa = PBXBuildFile; fileRef = 44309B0C2FE8E4BE00304289 /* SavedTripStore.swift */; };
		44309B0F2FE8E4C900304289 /* StationReportStore.swift in Sources */ = {isa = PBXBuildFile; fileRef = 44309B0E2FE8E4C900304289 /* StationReportStore.swift */; };
		444863ED2FB5B5B4001A39EE /* ProLimitBannerView.swift in Sources */ = {isa = PBXBuildFile; fileRef = 444863EC2FB5B5B4001A39EE /* ProLimitBannerView.swift */; };
		444863EF2FB5B5CB001A39EE /* ProUpgradeView.swift in Sources */ = {isa = PBXBuildFile; fileRef = 444863EE2FB5B5CB001A39EE /* ProUpgradeView.swift */; };
		4469CCAA2FE1397A0069F1D7 /* ProFeatureLockView.swift in Sources */ = {isa = PBXBuildFile; fileRef = 4469CCA92FE1397A0069F1D7 /* ProFeatureLockView.swift */; };
		4469CCAC2FE13E730069F1D7 /* TripPlannerView.swift in Sources */ = {isa = PBXBuildFile; fileRef = 4469CCAB2FE13E730069F1D7 /* TripPlannerView.swift */; };
		4469CCAE2FE13E820069F1D7 /* AdvancedAnalyticsView.swift in Sources */ = {isa = PBXBuildFile; fileRef = 4469CCAD2FE13E820069F1D7 /* AdvancedAnalyticsView.swift */; };
		4469CCB02FE13E940069F1D7 /* StationAlertsView.swift in Sources */ = {isa = PBXBuildFile; fileRef = 4469CCAF2FE13E940069F1D7 /* StationAlertsView.swift */; };
		44A838522FA1EAAB00D200DA /* StationLocationManager.swift in Sources */ = {isa = PBXBuildFile; fileRef = 44A838512FA1EAAB00D200DA /* StationLocationManager.swift */; };
		44A838542FA1EB1100D200DA /* NRELStationService.swift in Sources */ = {isa = PBXBuildFile; fileRef = 44A838532FA1EB1100D200DA /* NRELStationService.swift */; };
		44CB8A462FB0592300A1C097 /* CostCalculatorView.swift in Sources */ = {isa = PBXBuildFile; fileRef = 44CB8A452FB0592300A1C097 /* CostCalculatorView.swift */; };
/* End PBXBuildFile section */

/* Begin PBXFileReference section */
		44309B0A2FE7FDD500304289 /* RouteE85Planner.swift */ = {isa = PBXFileReference; lastKnownFileType = sourcecode.swift; path = RouteE85Planner.swift; sourceTree = "<group>"; };
		44309B0C2FE8E4BE00304289 /* SavedTripStore.swift */ = {isa = PBXFileReference; lastKnownFileType = sourcecode.swift; path = SavedTripStore.swift; sourceTree = "<group>"; };
		44309B0E2FE8E4C900304289 /* StationReportStore.swift */ = {isa = PBXFileReference; lastKnownFileType = sourcecode.swift; path = StationReportStore.swift; sourceTree = "<group>"; };
		444863EC2FB5B5B4001A39EE /* ProLimitBannerView.swift */ = {isa = PBXFileReference; lastKnownFileType = sourcecode.swift; path = ProLimitBannerView.swift; sourceTree = "<group>"; };
		444863EE2FB5B5CB001A39EE /* ProUpgradeView.swift */ = {isa = PBXFileReference; lastKnownFileType = sourcecode.swift; path = ProUpgradeView.swift; sourceTree = "<group>"; };
		4469CCA92FE1397A0069F1D7 /* ProFeatureLockView.swift */ = {isa = PBXFileReference; lastKnownFileType = sourcecode.swift; path = ProFeatureLockView.swift; sourceTree = "<group>"; };
		4469CCAB2FE13E730069F1D7 /* TripPlannerView.swift */ = {isa = PBXFileReference; lastKnownFileType = sourcecode.swift; path = TripPlannerView.swift; sourceTree = "<group>"; };
		4469CCAD2FE13E820069F1D7 /* AdvancedAnalyticsView.swift */ = {isa = PBXFileReference; lastKnownFileType = sourcecode.swift; path = AdvancedAnalyticsView.swift; sourceTree = "<group>"; };
		4469CCAF2FE13E940069F1D7 /* StationAlertsView.swift */ = {isa = PBXFileReference; lastKnownFileType = sourcecode.swift; path = StationAlertsView.swift; sourceTree = "<group>"; };
		44A838512FA1EAAB00D200DA /* StationLocationManager.swift */ = {isa = PBXFileReference; lastKnownFileType = sourcecode.swift; path = StationLocationManager.swift; sourceTree = "<group>"; };
		44A838532FA1EB1100D200DA /* NRELStationService.swift */ = {isa = PBXFileReference; lastKnownFileType = sourcecode.swift; path = NRELStationService.swift; sourceTree = "<group>"; };
		44A9BC202FA0865900A9920E /* EightyFiveBlends.app */ = {isa = PBXFileReference; explicitFileType = wrapper.application; includeInIndex = 0; path = EightyFiveBlends.app; sourceTree = BUILT_PRODUCTS_DIR; };
		44CB8A452FB0592300A1C097 /* CostCalculatorView.swift */ = {isa = PBXFileReference; lastKnownFileType = sourcecode.swift; path = CostCalculatorView.swift; sourceTree = "<group>"; };
/* End PBXFileReference section */

/* Begin PBXFileSystemSynchronizedBuildFileExceptionSet section */
		44A9BC7B2FA0994900A9920E /* Exceptions for "EightyFiveBlends" folder in "EightyFiveBlends" target */ = {
			isa = PBXFileSystemSynchronizedBuildFileExceptionSet;
			membershipExceptions = (
				Info.plist,
			);
			target = 44A9BC1F2FA0865900A9920E /* EightyFiveBlends */;
		};
/* End PBXFileSystemSynchronizedBuildFileExceptionSet section */

/* Begin PBXFileSystemSynchronizedRootGroup section */
		44A9BC222FA0865900A9920E /* EightyFiveBlends */ = {
			isa = PBXFileSystemSynchronizedRootGroup;
			exceptions = (
				44A9BC7B2FA0994900A9920E /* Exceptions for "EightyFiveBlends" folder in "EightyFiveBlends" target */,
			);
			path = EightyFiveBlends;
			sourceTree = "<group>";
		};
/* End PBXFileSystemSynchronizedRootGroup section */

/* Begin PBXFrameworksBuildPhase section */
		44A9BC1D2FA0865900A9920E /* Frameworks */ = {
			isa = PBXFrameworksBuildPhase;
			buildActionMask = 2147483647;
			files = (
				40A8BB5928209B4CEA90BC87 /* RevenueCat in Frameworks */,
				11DBD88766C7B04F7043163A /* GoogleMobileAds in Frameworks */,
			);
			runOnlyForDeploymentPostprocessing = 0;
		};
/* End PBXFrameworksBuildPhase section */

/* Begin PBXGroup section */
		44A9BC172FA0865900A9920E = {
			isa = PBXGroup;
			children = (
				44A9BC222FA0865900A9920E /* EightyFiveBlends */,
				44A9BC212FA0865900A9920E /* Products */,
				44A838512FA1EAAB00D200DA /* StationLocationManager.swift */,
				44A838532FA1EB1100D200DA /* NRELStationService.swift */,
				44CB8A452FB0592300A1C097 /* CostCalculatorView.swift */,
				444863EC2FB5B5B4001A39EE /* ProLimitBannerView.swift */,
				444863EE2FB5B5CB001A39EE /* ProUpgradeView.swift */,
				4469CCA92FE1397A0069F1D7 /* ProFeatureLockView.swift */,
				4469CCAB2FE13E730069F1D7 /* TripPlannerView.swift */,
				4469CCAD2FE13E820069F1D7 /* AdvancedAnalyticsView.swift */,
				4469CCAF2FE13E940069F1D7 /* StationAlertsView.swift */,
				44309B0A2FE7FDD500304289 /* RouteE85Planner.swift */,
				44309B0C2FE8E4BE00304289 /* SavedTripStore.swift */,
				44309B0E2FE8E4C900304289 /* StationReportStore.swift */,
			);
			sourceTree = "<group>";
		};
		44A9BC212FA0865900A9920E /* Products */ = {
			isa = PBXGroup;
			children = (
				44A9BC202FA0865900A9920E /* EightyFiveBlends.app */,
			);
			name = Products;
			sourceTree = "<group>";
		};
/* End PBXGroup section */

/* Begin PBXNativeTarget section */
		44A9BC1F2FA0865900A9920E /* EightyFiveBlends */ = {
			isa = PBXNativeTarget;
			buildConfigurationList = 44A9BC2D2FA0865A00A9920E /* Build configuration list for PBXNativeTarget "EightyFiveBlends" */;
			buildPhases = (
				44A9BC1C2FA0865900A9920E /* Sources */,
				44A9BC1D2FA0865900A9920E /* Frameworks */,
				44A9BC1E2FA0865900A9920E /* Resources */,
			);
			buildRules = (
			);
			dependencies = (
			);
			fileSystemSynchronizedGroups = (
				44A9BC222FA0865900A9920E /* EightyFiveBlends */,
			);
			name = EightyFiveBlends;
			packageProductDependencies = (
				1EAE9D3FAD6DD46FD6FBB734 /* RevenueCat */,
				B5D95B9F9BAE30DAB1CCE567 /* GoogleMobileAds */,
			);
			productName = EightyFiveBlends;
			productReference = 44A9BC202FA0865900A9920E /* EightyFiveBlends.app */;
			productType = "com.apple.product-type.application";
		};
/* End PBXNativeTarget section */

/* Begin PBXProject section */
		44A9BC182FA0865900A9920E /* Project object */ = {
			isa = PBXProject;
			attributes = {
				BuildIndependentTargetsInParallel = 1;
				LastSwiftUpdateCheck = 2640;
				LastUpgradeCheck = 2650;
				TargetAttributes = {
					44A9BC1F2FA0865900A9920E = {
						CreatedOnToolsVersion = 26.4.1;
					};
				};
			};
			buildConfigurationList = 44A9BC1B2FA0865900A9920E /* Build configuration list for PBXProject "EightyFiveBlends" */;
			developmentRegion = en;
			hasScannedForEncodings = 0;
			knownRegions = (
				en,
				Base,
			);
			mainGroup = 44A9BC172FA0865900A9920E;
			minimizedProjectReferenceProxies = 1;
			packageReferences = (
				47A989DB5009C43246FCD6BB /* XCRemoteSwiftPackageReference "purchases-ios-spm" */,
				93E9BE949C322BEC89933383 /* XCRemoteSwiftPackageReference "swift-package-manager-google-mobile-ads" */,
			);
			preferredProjectObjectVersion = 77;
			productRefGroup = 44A9BC212FA0865900A9920E /* Products */;
			projectDirPath = "";
			projectRoot = "";
			targets = (
				44A9BC1F2FA0865900A9920E /* EightyFiveBlends */,
			);
		};
/* End PBXProject section */

/* Begin PBXResourcesBuildPhase section */
		44A9BC1E2FA0865900A9920E /* Resources */ = {
			isa = PBXResourcesBuildPhase;
			buildActionMask = 2147483647;
			files = (
			);
			runOnlyForDeploymentPostprocessing = 0;
		};
/* End PBXResourcesBuildPhase section */

/* Begin PBXSourcesBuildPhase section */
		44A9BC1C2FA0865900A9920E /* Sources */ = {
			isa = PBXSourcesBuildPhase;
			buildActionMask = 2147483647;
			files = (
				4469CCAE2FE13E820069F1D7 /* AdvancedAnalyticsView.swift in Sources */,
				4469CCAA2FE1397A0069F1D7 /* ProFeatureLockView.swift in Sources */,
				44309B0D2FE8E4BE00304289 /* SavedTripStore.swift in Sources */,
				44309B0B2FE7FDD500304289 /* RouteE85Planner.swift in Sources */,
				44309B0F2FE8E4C900304289 /* StationReportStore.swift in Sources */,
				4469CCAC2FE13E730069F1D7 /* TripPlannerView.swift in Sources */,
				444863ED2FB5B5B4001A39EE /* ProLimitBannerView.swift in Sources */,
				4469CCB02FE13E940069F1D7 /* StationAlertsView.swift in Sources */,
				444863EF2FB5B5CB001A39EE /* ProUpgradeView.swift in Sources */,
				44A838522FA1EAAB00D200DA /* StationLocationManager.swift in Sources */,
				44CB8A462FB0592300A1C097 /* CostCalculatorView.swift in Sources */,
				44A838542FA1EB1100D200DA /* NRELStationService.swift in Sources */,
			);
			runOnlyForDeploymentPostprocessing = 0;
		};
/* End PBXSourcesBuildPhase section */

/* Begin XCBuildConfiguration section */
		4441BBC42FDA770400BC6C6D /* Internal */ = {
			isa = XCBuildConfiguration;
			buildSettings = {
				ALWAYS_SEARCH_USER_PATHS = NO;
				ASSETCATALOG_COMPILER_GENERATE_SWIFT_ASSET_SYMBOL_EXTENSIONS = YES;
				CLANG_ANALYZER_NONNULL = YES;
				CLANG_ANALYZER_NUMBER_OBJECT_CONVERSION = YES_AGGRESSIVE;
				CLANG_CXX_LANGUAGE_STANDARD = "gnu++20";
				CLANG_ENABLE_MODULES = YES;
				CLANG_ENABLE_OBJC_ARC = YES;
				CLANG_ENABLE_OBJC_WEAK = YES;
				CLANG_WARN_BLOCK_CAPTURE_AUTORELEASING = YES;
				CLANG_WARN_BOOL_CONVERSION = YES;
				CLANG_WARN_COMMA = YES;
				CLANG_WARN_CONSTANT_CONVERSION = YES;
				CLANG_WARN_DEPRECATED_OBJC_IMPLEMENTATIONS = YES;
				CLANG_WARN_DIRECT_OBJC_ISA_USAGE = YES_ERROR;
				CLANG_WARN_DOCUMENTATION_COMMENTS = YES;
				CLANG_WARN_EMPTY_BODY = YES;
				CLANG_WARN_ENUM_CONVERSION = YES;
				CLANG_WARN_INFINITE_RECURSION = YES;
				CLANG_WARN_INT_CONVERSION = YES;
				CLANG_WARN_NON_LITERAL_NULL_CONVERSION = YES;
				CLANG_WARN_OBJC_IMPLICIT_RETAIN_SELF = YES;
				CLANG_WARN_OBJC_LITERAL_CONVERSION = YES;
				CLANG_WARN_OBJC_ROOT_CLASS = YES_ERROR;
				CLANG_WARN_QUOTED_INCLUDE_IN_FRAMEWORK_HEADER = YES;
				CLANG_WARN_RANGE_LOOP_ANALYSIS = YES;
				CLANG_WARN_STRICT_PROTOTYPES = YES;
				CLANG_WARN_SUSPICIOUS_MOVE = YES;
				CLANG_WARN_UNGUARDED_AVAILABILITY = YES_AGGRESSIVE;
				CLANG_WARN_UNREACHABLE_CODE = YES;
				CLANG_WARN__DUPLICATE_METHOD_MATCH = YES;
				COPY_PHASE_STRIP = NO;
				DEBUG_INFORMATION_FORMAT = "dwarf-with-dsym";
				DEVELOPMENT_TEAM = 6G83S7V2SK;
				ENABLE_NS_ASSERTIONS = NO;
				ENABLE_STRICT_OBJC_MSGSEND = YES;
				ENABLE_USER_SCRIPT_SANDBOXING = YES;
				GCC_C_LANGUAGE_STANDARD = gnu17;
				GCC_NO_COMMON_BLOCKS = YES;
				GCC_WARN_64_TO_32_BIT_CONVERSION = YES;
				GCC_WARN_ABOUT_RETURN_TYPE = YES_ERROR;
				GCC_WARN_UNDECLARED_SELECTOR = YES;
				GCC_WARN_UNINITIALIZED_AUTOS = YES_AGGRESSIVE;
				GCC_WARN_UNUSED_FUNCTION = YES;
				GCC_WARN_UNUSED_VARIABLE = YES;
				IPHONEOS_DEPLOYMENT_TARGET = 26.4;
				LOCALIZATION_PREFERS_STRING_CATALOGS = YES;
				MTL_ENABLE_DEBUG_INFO = NO;
				MTL_FAST_MATH = YES;
				SDKROOT = iphoneos;
				STRING_CATALOG_GENERATE_SYMBOLS = YES;
				SWIFT_COMPILATION_MODE = wholemodule;
				VALIDATE_PRODUCT = YES;
			};
			name = Internal;
		};
		4441BBC52FDA770400BC6C6D /* Internal */ = {
			isa = XCBuildConfiguration;
			buildSettings = {
				ASSETCATALOG_COMPILER_APPICON_NAME = AppIconInternalV2;
				ASSETCATALOG_COMPILER_GLOBAL_ACCENT_COLOR_NAME = AccentColor;
				CODE_SIGN_ENTITLEMENTS = EightyFiveBlends/EightyFiveBlendsInternal.entitlements;
				CODE_SIGN_STYLE = Automatic;
				CURRENT_PROJECT_VERSION = 100;
				DEVELOPMENT_TEAM = 6G83S7V2SK;
				ENABLE_PREVIEWS = YES;
				GENERATE_INFOPLIST_FILE = YES;
				INFOPLIST_FILE = EightyFiveBlends/Info.plist;
				INFOPLIST_KEY_CFBundleDisplayName = "85Blends Internal";
				INFOPLIST_KEY_ITSAppUsesNonExemptEncryption = NO;
				INFOPLIST_KEY_LSApplicationCategoryType = "public.app-category.utilities";
				INFOPLIST_KEY_NSLocationAlwaysAndWhenInUseUsageDescription = "85Blends uses your location in the background to recognize when you arrive at an E85 station and notify you that At The Pump is ready.";
				INFOPLIST_KEY_NSLocationWhenInUseUsageDescription = "85Blends uses your location to find nearby E85/fuel stations and help detect the station you're at when logging fuel.";
				INFOPLIST_KEY_UIApplicationSceneManifest_Generation = YES;
				INFOPLIST_KEY_UIApplicationSupportsIndirectInputEvents = YES;
				INFOPLIST_KEY_UILaunchScreen_Generation = YES;
				INFOPLIST_KEY_UILaunchStoryboardName = "";
				INFOPLIST_KEY_UISupportedInterfaceOrientations = UIInterfaceOrientationPortrait;
				IPHONEOS_DEPLOYMENT_TARGET = 17.6;
				LD_RUNPATH_SEARCH_PATHS = (
					"$(inherited)",
					"@executable_path/Frameworks",
				);
				MARKETING_VERSION = 2.3.2;
				PRODUCT_BUNDLE_IDENTIFIER = com.e85blends.app.ios.internal;
				PRODUCT_NAME = "$(TARGET_NAME)";
				STRING_CATALOG_GENERATE_SYMBOLS = YES;
				SUPPORTED_PLATFORMS = "iphoneos iphonesimulator";
				SUPPORTS_MACCATALYST = NO;
				SUPPORTS_XR_DESIGNED_FOR_IPHONE_IPAD = NO;
				SWIFT_ACTIVE_COMPILATION_CONDITIONS = INTERNAL_BUILD;
				SWIFT_APPROACHABLE_CONCURRENCY = YES;
				SWIFT_DEFAULT_ACTOR_ISOLATION = MainActor;
				SWIFT_EMIT_LOC_STRINGS = YES;
				SWIFT_UPCOMING_FEATURE_MEMBER_IMPORT_VISIBILITY = YES;
				SWIFT_VERSION = 5.0;
				TARGETED_DEVICE_FAMILY = 1;
			};
			name = Internal;
		};
		44A9BC2B2FA0865A00A9920E /* Debug */ = {
			isa = XCBuildConfiguration;
			buildSettings = {
				ALWAYS_SEARCH_USER_PATHS = NO;
				ASSETCATALOG_COMPILER_GENERATE_SWIFT_ASSET_SYMBOL_EXTENSIONS = YES;
				CLANG_ANALYZER_NONNULL = YES;
				CLANG_ANALYZER_NUMBER_OBJECT_CONVERSION = YES_AGGRESSIVE;
				CLANG_CXX_LANGUAGE_STANDARD = "gnu++20";
				CLANG_ENABLE_MODULES = YES;
				CLANG_ENABLE_OBJC_ARC = YES;
				CLANG_ENABLE_OBJC_WEAK = YES;
				CLANG_WARN_BLOCK_CAPTURE_AUTORELEASING = YES;
				CLANG_WARN_BOOL_CONVERSION = YES;
				CLANG_WARN_COMMA = YES;
				CLANG_WARN_CONSTANT_CONVERSION = YES;
				CLANG_WARN_DEPRECATED_OBJC_IMPLEMENTATIONS = YES;
				CLANG_WARN_DIRECT_OBJC_ISA_USAGE = YES_ERROR;
				CLANG_WARN_DOCUMENTATION_COMMENTS = YES;
				CLANG_WARN_EMPTY_BODY = YES;
				CLANG_WARN_ENUM_CONVERSION = YES;
				CLANG_WARN_INFINITE_RECURSION = YES;
				CLANG_WARN_INT_CONVERSION = YES;
				CLANG_WARN_NON_LITERAL_NULL_CONVERSION = YES;
				CLANG_WARN_OBJC_IMPLICIT_RETAIN_SELF = YES;
				CLANG_WARN_OBJC_LITERAL_CONVERSION = YES;
				CLANG_WARN_OBJC_ROOT_CLASS = YES_ERROR;
				CLANG_WARN_QUOTED_INCLUDE_IN_FRAMEWORK_HEADER = YES;
				CLANG_WARN_RANGE_LOOP_ANALYSIS = YES;
				CLANG_WARN_STRICT_PROTOTYPES = YES;
				CLANG_WARN_SUSPICIOUS_MOVE = YES;
				CLANG_WARN_UNGUARDED_AVAILABILITY = YES_AGGRESSIVE;
				CLANG_WARN_UNREACHABLE_CODE = YES;
				CLANG_WARN__DUPLICATE_METHOD_MATCH = YES;
				COPY_PHASE_STRIP = NO;
				DEBUG_INFORMATION_FORMAT = dwarf;
				DEVELOPMENT_TEAM = 6G83S7V2SK;
				ENABLE_STRICT_OBJC_MSGSEND = YES;
				ENABLE_TESTABILITY = YES;
				ENABLE_USER_SCRIPT_SANDBOXING = YES;
				GCC_C_LANGUAGE_STANDARD = gnu17;
				GCC_DYNAMIC_NO_PIC = NO;
				GCC_NO_COMMON_BLOCKS = YES;
				GCC_OPTIMIZATION_LEVEL = 0;
				GCC_PREPROCESSOR_DEFINITIONS = (
					"DEBUG=1",
					"$(inherited)",
				);
				GCC_WARN_64_TO_32_BIT_CONVERSION = YES;
				GCC_WARN_ABOUT_RETURN_TYPE = YES_ERROR;
				GCC_WARN_UNDECLARED_SELECTOR = YES;
				GCC_WARN_UNINITIALIZED_AUTOS = YES_AGGRESSIVE;
				GCC_WARN_UNUSED_FUNCTION = YES;
				GCC_WARN_UNUSED_VARIABLE = YES;
				IPHONEOS_DEPLOYMENT_TARGET = 26.4;
				LOCALIZATION_PREFERS_STRING_CATALOGS = YES;
				MTL_ENABLE_DEBUG_INFO = INCLUDE_SOURCE;
				MTL_FAST_MATH = YES;
				ONLY_ACTIVE_ARCH = YES;
				SDKROOT = iphoneos;
				STRING_CATALOG_GENERATE_SYMBOLS = YES;
				SWIFT_ACTIVE_COMPILATION_CONDITIONS = "DEBUG $(inherited)";
				SWIFT_OPTIMIZATION_LEVEL = "-Onone";
			};
			name = Debug;
		};
		44A9BC2C2FA0865A00A9920E /* Release */ = {
			isa = XCBuildConfiguration;
			buildSettings = {
				ALWAYS_SEARCH_USER_PATHS = NO;
				ASSETCATALOG_COMPILER_GENERATE_SWIFT_ASSET_SYMBOL_EXTENSIONS = YES;
				CLANG_ANALYZER_NONNULL = YES;
				CLANG_ANALYZER_NUMBER_OBJECT_CONVERSION = YES_AGGRESSIVE;
				CLANG_CXX_LANGUAGE_STANDARD = "gnu++20";
				CLANG_ENABLE_MODULES = YES;
				CLANG_ENABLE_OBJC_ARC = YES;
				CLANG_ENABLE_OBJC_WEAK = YES;
				CLANG_WARN_BLOCK_CAPTURE_AUTORELEASING = YES;
				CLANG_WARN_BOOL_CONVERSION = YES;
				CLANG_WARN_COMMA = YES;
				CLANG_WARN_CONSTANT_CONVERSION = YES;
				CLANG_WARN_DEPRECATED_OBJC_IMPLEMENTATIONS = YES;
				CLANG_WARN_DIRECT_OBJC_ISA_USAGE = YES_ERROR;
				CLANG_WARN_DOCUMENTATION_COMMENTS = YES;
				CLANG_WARN_EMPTY_BODY = YES;
				CLANG_WARN_ENUM_CONVERSION = YES;
				CLANG_WARN_INFINITE_RECURSION = YES;
				CLANG_WARN_INT_CONVERSION = YES;
				CLANG_WARN_NON_LITERAL_NULL_CONVERSION = YES;
				CLANG_WARN_OBJC_IMPLICIT_RETAIN_SELF = YES;
				CLANG_WARN_OBJC_LITERAL_CONVERSION = YES;
				CLANG_WARN_OBJC_ROOT_CLASS = YES_ERROR;
				CLANG_WARN_QUOTED_INCLUDE_IN_FRAMEWORK_HEADER = YES;
				CLANG_WARN_RANGE_LOOP_ANALYSIS = YES;
				CLANG_WARN_STRICT_PROTOTYPES = YES;
				CLANG_WARN_SUSPICIOUS_MOVE = YES;
				CLANG_WARN_UNGUARDED_AVAILABILITY = YES_AGGRESSIVE;
				CLANG_WARN_UNREACHABLE_CODE = YES;
				CLANG_WARN__DUPLICATE_METHOD_MATCH = YES;
				COPY_PHASE_STRIP = NO;
				DEBUG_INFORMATION_FORMAT = "dwarf-with-dsym";
				DEVELOPMENT_TEAM = 6G83S7V2SK;
				ENABLE_NS_ASSERTIONS = NO;
				ENABLE_STRICT_OBJC_MSGSEND = YES;
				ENABLE_USER_SCRIPT_SANDBOXING = YES;
				GCC_C_LANGUAGE_STANDARD = gnu17;
				GCC_NO_COMMON_BLOCKS = YES;
				GCC_WARN_64_TO_32_BIT_CONVERSION = YES;
				GCC_WARN_ABOUT_RETURN_TYPE = YES_ERROR;
				GCC_WARN_UNDECLARED_SELECTOR = YES;
				GCC_WARN_UNINITIALIZED_AUTOS = YES_AGGRESSIVE;
				GCC_WARN_UNUSED_FUNCTION = YES;
				GCC_WARN_UNUSED_VARIABLE = YES;
				IPHONEOS_DEPLOYMENT_TARGET = 26.4;
				LOCALIZATION_PREFERS_STRING_CATALOGS = YES;
				MTL_ENABLE_DEBUG_INFO = NO;
				MTL_FAST_MATH = YES;
				SDKROOT = iphoneos;
				STRING_CATALOG_GENERATE_SYMBOLS = YES;
				SWIFT_COMPILATION_MODE = wholemodule;
				VALIDATE_PRODUCT = YES;
			};
			name = Release;
		};
		44A9BC2E2FA0865A00A9920E /* Debug */ = {
			isa = XCBuildConfiguration;
			buildSettings = {
				ASSETCATALOG_COMPILER_APPICON_NAME = AppIcon;
				ASSETCATALOG_COMPILER_GLOBAL_ACCENT_COLOR_NAME = AccentColor;
				CODE_SIGN_ENTITLEMENTS = EightyFiveBlends/EightyFiveBlends.entitlements;
				CODE_SIGN_STYLE = Automatic;
				CURRENT_PROJECT_VERSION = 42;
				DEVELOPMENT_TEAM = 6G83S7V2SK;
				ENABLE_PREVIEWS = YES;
				GENERATE_INFOPLIST_FILE = YES;
				INFOPLIST_FILE = EightyFiveBlends/Info.plist;
				INFOPLIST_KEY_CFBundleDisplayName = 85Blends;
				INFOPLIST_KEY_ITSAppUsesNonExemptEncryption = NO;
				INFOPLIST_KEY_LSApplicationCategoryType = "public.app-category.utilities";
				INFOPLIST_KEY_NSLocationAlwaysAndWhenInUseUsageDescription = "85Blends uses your location in the background to recognize when you arrive at an E85 station and notify you that At The Pump is ready.";
				INFOPLIST_KEY_NSLocationWhenInUseUsageDescription = "85Blends uses your location to find nearby E85/fuel stations and help detect the station you're at when logging fuel.";
				INFOPLIST_KEY_UIApplicationSceneManifest_Generation = YES;
				INFOPLIST_KEY_UIApplicationSupportsIndirectInputEvents = YES;
				INFOPLIST_KEY_UILaunchScreen_Generation = YES;
				INFOPLIST_KEY_UILaunchStoryboardName = "";
				INFOPLIST_KEY_UISupportedInterfaceOrientations = UIInterfaceOrientationPortrait;
				IPHONEOS_DEPLOYMENT_TARGET = 17.6;
				LD_RUNPATH_SEARCH_PATHS = (
					"$(inherited)",
					"@executable_path/Frameworks",
				);
				MARKETING_VERSION = 2.3.2;
				PRODUCT_BUNDLE_IDENTIFIER = com.e85blends.app.ios;
				PRODUCT_NAME = "$(TARGET_NAME)";
				STRING_CATALOG_GENERATE_SYMBOLS = YES;
				SUPPORTED_PLATFORMS = "iphoneos iphonesimulator";
				SUPPORTS_MACCATALYST = NO;
				SUPPORTS_XR_DESIGNED_FOR_IPHONE_IPAD = NO;
				SWIFT_APPROACHABLE_CONCURRENCY = YES;
				SWIFT_DEFAULT_ACTOR_ISOLATION = MainActor;
				SWIFT_EMIT_LOC_STRINGS = YES;
				SWIFT_UPCOMING_FEATURE_MEMBER_IMPORT_VISIBILITY = YES;
				SWIFT_VERSION = 5.0;
				TARGETED_DEVICE_FAMILY = 1;
			};
			name = Debug;
		};
		44A9BC2F2FA0865A00A9920E /* Release */ = {
			isa = XCBuildConfiguration;
			buildSettings = {
				ASSETCATALOG_COMPILER_APPICON_NAME = AppIcon;
				ASSETCATALOG_COMPILER_GLOBAL_ACCENT_COLOR_NAME = AccentColor;
				CODE_SIGN_ENTITLEMENTS = EightyFiveBlends/EightyFiveBlends.entitlements;
				CODE_SIGN_STYLE = Automatic;
				CURRENT_PROJECT_VERSION = 42;
				DEVELOPMENT_TEAM = 6G83S7V2SK;
				ENABLE_PREVIEWS = YES;
				GENERATE_INFOPLIST_FILE = YES;
				INFOPLIST_FILE = EightyFiveBlends/Info.plist;
				INFOPLIST_KEY_CFBundleDisplayName = 85Blends;
				INFOPLIST_KEY_ITSAppUsesNonExemptEncryption = NO;
				INFOPLIST_KEY_LSApplicationCategoryType = "public.app-category.utilities";
				INFOPLIST_KEY_NSLocationAlwaysAndWhenInUseUsageDescription = "85Blends uses your location in the background to recognize when you arrive at an E85 station and notify you that At The Pump is ready.";
				INFOPLIST_KEY_NSLocationWhenInUseUsageDescription = "85Blends uses your location to find nearby E85/fuel stations and help detect the station you're at when logging fuel.";
				INFOPLIST_KEY_UIApplicationSceneManifest_Generation = YES;
				INFOPLIST_KEY_UIApplicationSupportsIndirectInputEvents = YES;
				INFOPLIST_KEY_UILaunchScreen_Generation = YES;
				INFOPLIST_KEY_UILaunchStoryboardName = "";
				INFOPLIST_KEY_UISupportedInterfaceOrientations = UIInterfaceOrientationPortrait;
				IPHONEOS_DEPLOYMENT_TARGET = 17.6;
				LD_RUNPATH_SEARCH_PATHS = (
					"$(inherited)",
					"@executable_path/Frameworks",
				);
				MARKETING_VERSION = 2.3.2;
				PRODUCT_BUNDLE_IDENTIFIER = com.e85blends.app.ios;
				PRODUCT_NAME = "$(TARGET_NAME)";
				STRING_CATALOG_GENERATE_SYMBOLS = YES;
				SUPPORTED_PLATFORMS = "iphoneos iphonesimulator";
				SUPPORTS_MACCATALYST = NO;
				SUPPORTS_XR_DESIGNED_FOR_IPHONE_IPAD = NO;
				SWIFT_ACTIVE_COMPILATION_CONDITIONS = "";
				SWIFT_APPROACHABLE_CONCURRENCY = YES;
				SWIFT_DEFAULT_ACTOR_ISOLATION = MainActor;
				SWIFT_EMIT_LOC_STRINGS = YES;
				SWIFT_UPCOMING_FEATURE_MEMBER_IMPORT_VISIBILITY = YES;
				SWIFT_VERSION = 5.0;
				TARGETED_DEVICE_FAMILY = 1;
			};
			name = Release;
		};
/* End XCBuildConfiguration section */

/* Begin XCConfigurationList section */
		44A9BC1B2FA0865900A9920E /* Build configuration list for PBXProject "EightyFiveBlends" */ = {
			isa = XCConfigurationList;
			buildConfigurations = (
				44A9BC2B2FA0865A00A9920E /* Debug */,
				44A9BC2C2FA0865A00A9920E /* Release */,
				4441BBC42FDA770400BC6C6D /* Internal */,
			);
			defaultConfigurationIsVisible = 0;
			defaultConfigurationName = Release;
		};
		44A9BC2D2FA0865A00A9920E /* Build configuration list for PBXNativeTarget "EightyFiveBlends" */ = {
			isa = XCConfigurationList;
			buildConfigurations = (
				44A9BC2E2FA0865A00A9920E /* Debug */,
				44A9BC2F2FA0865A00A9920E /* Release */,
				4441BBC52FDA770400BC6C6D /* Internal */,
			);
			defaultConfigurationIsVisible = 0;
			defaultConfigurationName = Release;
		};
/* End XCConfigurationList section */

/* Begin XCRemoteSwiftPackageReference section */
		47A989DB5009C43246FCD6BB /* XCRemoteSwiftPackageReference "purchases-ios-spm" */ = {
			isa = XCRemoteSwiftPackageReference;
			repositoryURL = "https://github.com/RevenueCat/purchases-ios-spm.git";
			requirement = {
				kind = upToNextMajorVersion;
				minimumVersion = 5.0.0;
			};
		};
		93E9BE949C322BEC89933383 /* XCRemoteSwiftPackageReference "swift-package-manager-google-mobile-ads" */ = {
			isa = XCRemoteSwiftPackageReference;
			repositoryURL = "https://github.com/googleads/swift-package-manager-google-mobile-ads.git";
			requirement = {
				kind = upToNextMajorVersion;
				minimumVersion = 13.0.0;
			};
		};
/* End XCRemoteSwiftPackageReference section */

/* Begin XCSwiftPackageProductDependency section */
		1EAE9D3FAD6DD46FD6FBB734 /* RevenueCat */ = {
			isa = XCSwiftPackageProductDependency;
			package = 47A989DB5009C43246FCD6BB /* XCRemoteSwiftPackageReference "purchases-ios-spm" */;
			productName = RevenueCat;
		};
		B5D95B9F9BAE30DAB1CCE567 /* GoogleMobileAds */ = {
			isa = XCSwiftPackageProductDependency;
			package = 93E9BE949C322BEC89933383 /* XCRemoteSwiftPackageReference "swift-package-manager-google-mobile-ads" */;
			productName = GoogleMobileAds;
		};
/* End XCSwiftPackageProductDependency section */
	};
	rootObject = 44A9BC182FA0865900A9920E /* Project object */;
}
